github.com/chromedp/cdproto v0.157.3 h1:GEMGBiP23qiQ+OusBkMfSFFawvKvXPK7onkvIRpnshY=
github.com/chromedp/cdproto v0.157.3/go.mod h1:scNPhJ/A4T8BVkyR5k2Uocvoju3iBRZS4cg3uMlxuMk=
github.com/chromedp/cdproto v0.157.4 h1:UleIu3RHfaQmhE0ri9GpCbHrGpe0HgV55HVhzhPWglI=
github.com/chromedp/cdproto v0.157.4/go.mod h1:scNPhJ/A4T8BVkyR5k2Uocvoju3iBRZS4cg3uMlxuMk=
github.com/ledongthuc/pdf v0.0.0-20220302134840-0c2507a12d80 h1:6Yzfa6GP0rIo/kULo2bwGEkFvCePZ3qHDDTC3/J9Swo=
github.com/ledongthuc/pdf v0.0.0-20220302134840-0c2507a12d80/go.mod h1:imJHygn/1yfhB7XSJJKlFZKl/J+dCPAknuiaGOshXAs=
github.com/orisano/pixelmatch v0.0.0-20220722002657-fb0b55479cde h1:x0TT0RDC7UhAVbbWWBzr41ElhJx5tXPWkIHA2HWPRuw=
github.com/orisano/pixelmatch v0.0.0-20220722002657-fb0b55479cde/go.mod h1:nZgzbfBr3hhjoZnS66nKrHmduYNpc34ny7RK4z5/HM0=
