github.com/chromedp/cdproto v0.157.4 h1:UleIu3RHfaQmhE0ri9GpCbHrGpe0HgV55HVhzhPWglI=
github.com/chromedp/cdproto v0.157.4/go.mod h1:scNPhJ/A4T8BVkyR5k2Uocvoju3iBRZS4cg3uMlxuMk=
github.com/chromedp/chromedp v0.18.0 h1:JulKLW1m2WWM4Lm2rtWNPyasQzl/bZzMtHywPGsOj3c=
github.com/chromedp/chromedp v0.18.0/go.mod h1:4Rs9XtapAMgXxg0s1PpixyQHf37kdnSdu2ov5G4FsZ0=
github.com/gobwas/httphead v0.1.0 h1:exrUm0f4YX0L7EBwZHuCF4GDp8aJfVeBrlLQrs6NqWU=
github.com/gobwas/httphead v0.1.0/go.mod h1:O/RXo79gxV8G+RqlR/otEwx4Q36zl9rqC5u12GKvMCM=
github.com/gobwas/pool v0.2.1 h1:xfeeEhW7pwmX8nuLVlqbzVc7udMDrwetjEv+TZIz1og=
github.com/gobwas/pool v0.2.1/go.mod h1:q8bcK0KcYlCgd9e7WYLm9LpyS+YeLd8JVDW6WezmKEw=
github.com/gobwas/ws v1.4.0 h1:CTaoG1tojrh4ucGPcoJFiAQUAsEWekEWvLy7GsVNqGs=
github.com/gobwas/ws v1.4.0/go.mod h1:G3gNqMNtPppf5XUz7O4shetPpcZ1VJ7zt18dlUeakrc=
golang.org/x/sys v0.6.0/go.mod h1:oPkhp1MJrh7nUepCBck5+mAzfO9JrbApNNgaTdGDITg=
golang.org/x/sys v0.47.0 h1:o7XGOvZQCADBQQ4Y7VNq2dRWQR7JmOUW8Kxx4ZsNgWs=
golang.org/x/sys v0.47.0/go.mod h1:4GL1E5IUh+htKOUEOaiffhrAeqysfVGipDYzABqnCmw=
